# This file is generated by running "yarn install" inside your project.
# Manual changes might be lost - proceed with caution!

__metadata:
  version: 8
  cacheKey: 10c0

"@jest/types@npm:^26.6.2":
  version: 26.6.2
  resolution: "@jest/types@npm:26.6.2"
  dependencies:
    "@types/istanbul-lib-coverage": "npm:^2.0.0"
    "@types/istanbul-reports": "npm:^3.0.0"
    "@types/node": "npm:*"
    "@types/yargs": "npm:^15.0.0"
    chalk: "npm:^4.0.0"
  checksum: 10c0/5b9b957f38a002895eb04bbb8c3dda6fccce8e2551f3f44b02f1f43063a78e8bedce73cd4330b53ede00ae005de5cd805982fbb2ec6ab9feacf96344240d5db2
  languageName: node
  linkType: hard

"@remote-ui/async-subscription@npm:^2.1.15":
  version: 2.1.18
  resolution: "@remote-ui/async-subscription@npm:2.1.18"
  dependencies:
    "@remote-ui/rpc": "npm:^1.4.7"
  checksum: 10c0/dc0abf81226118a483da2c6a1375714cd6423ad312786937fc2452e18b76d80b4715e2e6c0dbe394e3da81e6a70205699ae8fa78503cdb19b5ff886d60721a58
  languageName: node
  linkType: hard

"@remote-ui/core@npm:2.2.5":
  version: 2.2.5
  resolution: "@remote-ui/core@npm:2.2.5"
  dependencies:
    "@remote-ui/rpc": "npm:^1.4.5"
    "@remote-ui/types": "npm:^1.1.3"
  checksum: 10c0/7e59705a63ff5ffed4f692915184b6179a8bda5022cd6dd821e0db4a853575037a6120d097c5bdb33485e5348c2b1cab671b000beed668bffc16e72c90eb796d
  languageName: node
  linkType: hard

"@remote-ui/core@npm:^2.2.4, @remote-ui/core@npm:^2.2.5":
  version: 2.2.7
  resolution: "@remote-ui/core@npm:2.2.7"
  dependencies:
    "@remote-ui/rpc": "npm:^1.4.7"
    "@remote-ui/types": "npm:^1.1.3"
  checksum: 10c0/c7a5b38a2ecfa3f2f98e871e6ba5bffa03bf6afd11868855386b87f615f18daecd06f62cede499a21c912a5ce0666e1e75fc4a654bbd6745ea13b941288748dd
  languageName: node
  linkType: hard

"@remote-ui/react@npm:5.0.5":
  version: 5.0.5
  resolution: "@remote-ui/react@npm:5.0.5"
  dependencies:
    "@remote-ui/async-subscription": "npm:^2.1.15"
    "@remote-ui/core": "npm:^2.2.5"
    "@remote-ui/rpc": "npm:^1.4.5"
    "@types/react": "npm:>=17.0.0 <19.0.0"
    "@types/react-reconciler": "npm:>=0.26.0 <0.30.0"
  peerDependencies:
    react: ">=17.0.0 <19.0.0"
    react-reconciler: ">=0.26.0 <0.30.0"
  peerDependenciesMeta:
    react:
      optional: false
    react-reconciler:
      optional: true
  checksum: 10c0/8a07a36704b5cb35b01a5bab8b4c8dd732452fa9abc0362e81ad617a497b3552ab73ca3e50d8830808318af41e36db94b1e3490b6d7a991eac5c31b5625b3bd6
  languageName: node
  linkType: hard

"@remote-ui/rpc@npm:1.4.5":
  version: 1.4.5
  resolution: "@remote-ui/rpc@npm:1.4.5"
  checksum: 10c0/2817a0ce56510bf13df382702de48cd76d381af6972f3ed8997ca91ba97dc34519e638cdef322b7830bc6e8aca25af73b42c83b95470c04f8d3e8e157e3587aa
  languageName: node
  linkType: hard

"@remote-ui/rpc@npm:^1.4.5, @remote-ui/rpc@npm:^1.4.7":
  version: 1.4.7
  resolution: "@remote-ui/rpc@npm:1.4.7"
  checksum: 10c0/c19959dd14b62d37e1fd61786cbfd39e0d49629b1ce0ff6d38aa9d2b83ac44527cc49add6396d2c35c7e54f5879d9782856f136f99ff98267fa8220232ec542e
  languageName: node
  linkType: hard

"@remote-ui/testing@npm:1.4.3":
  version: 1.4.3
  resolution: "@remote-ui/testing@npm:1.4.3"
  dependencies:
    "@remote-ui/core": "npm:^2.2.4"
    jest-matcher-utils: "npm:^26.0.1"
  checksum: 10c0/9daa1b69512b2a10fbb12e7fd3a502c3390527bc40bcdca07356bccf79276320881d70ae1bcf065e9a0c08fb9a94a0ed2d2422e3e73cd87438cfdbd8a4783018
  languageName: node
  linkType: hard

"@remote-ui/types@npm:^1.1.3":
  version: 1.1.3
  resolution: "@remote-ui/types@npm:1.1.3"
  checksum: 10c0/d8c5e9834f78c8b4276d0175834abc152d847b452086b147d730987a59deb297c3d7c2604075377bfa67a0bf39b00a621e790de88fa23881a23951614b21b822
  languageName: node
  linkType: hard

"@stripe/ui-extension-sdk@npm:^8.10.0":
  version: 8.10.0
  resolution: "@stripe/ui-extension-sdk@npm:8.10.0"
  dependencies:
    "@remote-ui/core": "npm:2.2.5"
    "@remote-ui/react": "npm:5.0.5"
    "@remote-ui/rpc": "npm:1.4.5"
    "@remote-ui/testing": "npm:1.4.3"
    "@types/stylis": "npm:4.2.6"
    invariant: "npm:2.2.4"
    react: "npm:17.0.2"
    react-reconciler: "npm:0.26.2"
  peerDependencies:
    stripe: ">= 8.195.0"
  checksum: 10c0/fec0a94f0a616007732b52ba258bfeef3bb90a42690457b16390a2a1e92c4d5ad9e86e62212edbe7137e98b06b61bfa8ad75b255629886ad5066f217c037ed95
  languageName: node
  linkType: hard

"@types/istanbul-lib-coverage@npm:*, @types/istanbul-lib-coverage@npm:^2.0.0":
  version: 2.0.6
  resolution: "@types/istanbul-lib-coverage@npm:2.0.6"
  checksum: 10c0/3948088654f3eeb45363f1db158354fb013b362dba2a5c2c18c559484d5eb9f6fd85b23d66c0a7c2fcfab7308d0a585b14dadaca6cc8bf89ebfdc7f8f5102fb7
  languageName: node
  linkType: hard

"@types/istanbul-lib-report@npm:*":
  version: 3.0.3
  resolution: "@types/istanbul-lib-report@npm:3.0.3"
  dependencies:
    "@types/istanbul-lib-coverage": "npm:*"
  checksum: 10c0/247e477bbc1a77248f3c6de5dadaae85ff86ac2d76c5fc6ab1776f54512a745ff2a5f791d22b942e3990ddbd40f3ef5289317c4fca5741bedfaa4f01df89051c
  languageName: node
  linkType: hard

"@types/istanbul-reports@npm:^3.0.0":
  version: 3.0.4
  resolution: "@types/istanbul-reports@npm:3.0.4"
  dependencies:
    "@types/istanbul-lib-report": "npm:*"
  checksum: 10c0/1647fd402aced5b6edac87274af14ebd6b3a85447ef9ad11853a70fd92a98d35f81a5d3ea9fcb5dbb5834e800c6e35b64475e33fcae6bfa9acc70d61497c54ee
  languageName: node
  linkType: hard

"@types/node@npm:*, @types/node@npm:>=8.1.0":
  version: 25.2.3
  resolution: "@types/node@npm:25.2.3"
  dependencies:
    undici-types: "npm:~7.16.0"
  checksum: 10c0/925833029ce0bb4a72c36f90b93287184d3511aeb0fa60a994ae94b5430c22f9be6693d67d210df79267cb54c6f6978caaefb149d99ab5f83af5827ba7cb9822
  languageName: node
  linkType: hard

"@types/prop-types@npm:*":
  version: 15.7.15
  resolution: "@types/prop-types@npm:15.7.15"
  checksum: 10c0/b59aad1ad19bf1733cf524fd4e618196c6c7690f48ee70a327eb450a42aab8e8a063fbe59ca0a5701aebe2d92d582292c0fb845ea57474f6a15f6994b0e260b2
  languageName: node
  linkType: hard

"@types/react-reconciler@npm:>=0.26.0 <0.30.0":
  version: 0.28.9
  resolution: "@types/react-reconciler@npm:0.28.9"
  peerDependencies:
    "@types/react": "*"
  checksum: 10c0/9fe71fa856aab2cd4742fe0416bdd4f5c82ecc05ef6451ee7fcb65a5efdf5fa588f5820fbe2a665b15371b0da3bfc4097f28bb6d450b9a834af2d0fc00f403bd
  languageName: node
  linkType: hard

"@types/react@npm:>=17.0.0 <19.0.0, @types/react@npm:^18.2.0":
  version: 18.3.28
  resolution: "@types/react@npm:18.3.28"
  dependencies:
    "@types/prop-types": "npm:*"
    csstype: "npm:^3.2.2"
  checksum: 10c0/683e19cd12b5c691215529af2e32b5ffbaccae3bf0ba93bfafa0e460e8dfee18423afed568be2b8eadf4b837c3749dd296a4f64e2d79f68fa66962c05f5af661
  languageName: node
  linkType: hard

"@types/stylis@npm:4.2.6":
  version: 4.2.6
  resolution: "@types/stylis@npm:4.2.6"
  checksum: 10c0/4c384a90451c5d2447ea10e6d3d483bb3de877a3d67488952f26726996929f25605b68f41c315ef0c6ecf7491e69a4f58d87c7a2009b35f2a6dde8de8ec2e8a2
  languageName: node
  linkType: hard

"@types/yargs-parser@npm:*":
  version: 21.0.3
  resolution: "@types/yargs-parser@npm:21.0.3"
  checksum: 10c0/e71c3bd9d0b73ca82e10bee2064c384ab70f61034bbfb78e74f5206283fc16a6d85267b606b5c22cb2a3338373586786fed595b2009825d6a9115afba36560a0
  languageName: node
  linkType: hard

"@types/yargs@npm:^15.0.0":
  version: 15.0.20
  resolution: "@types/yargs@npm:15.0.20"
  dependencies:
    "@types/yargs-parser": "npm:*"
  checksum: 10c0/7578e333b8e3e60e96950fc3d90f75afa5f6612cbaa309813848a5bf198fd39bd6bf8d25f8fde7106c614686e24fd409403cc22166f5571c9fc1148fe147c0f5
  languageName: node
  linkType: hard

"ansi-regex@npm:^5.0.0":
  version: 5.0.1
  resolution: "ansi-regex@npm:5.0.1"
  checksum: 10c0/9a64bb8627b434ba9327b60c027742e5d17ac69277960d041898596271d992d4d52ba7267a63ca10232e29f6107fc8a835f6ce8d719b88c5f8493f8254813737
  languageName: node
  linkType: hard

"ansi-styles@npm:^4.0.0, ansi-styles@npm:^4.1.0":
  version: 4.3.0
  resolution: "ansi-styles@npm:4.3.0"
  dependencies:
    color-convert: "npm:^2.0.1"
  checksum: 10c0/895a23929da416f2bd3de7e9cb4eabd340949328ab85ddd6e484a637d8f6820d485f53933446f5291c3b760cbc488beb8e88573dd0f9c7daf83dccc8fe81b041
  languageName: node
  linkType: hard

"async-function@npm:^1.0.0":
  version: 1.0.0
  resolution: "async-function@npm:1.0.0"
  checksum: 10c0/669a32c2cb7e45091330c680e92eaeb791bc1d4132d827591e499cd1f776ff5a873e77e5f92d0ce795a8d60f10761dec9ddfe7225a5de680f5d357f67b1aac73
  languageName: node
  linkType: hard

"async-generator-function@npm:^1.0.0":
  version: 1.0.0
  resolution: "async-generator-function@npm:1.0.0"
  checksum: 10c0/2c50ef856c543ad500d8d8777d347e3c1ba623b93e99c9263ecc5f965c1b12d2a140e2ab6e43c3d0b85366110696f28114649411cbcd10b452a92a2318394186
  languageName: node
  linkType: hard

"call-bind-apply-helpers@npm:^1.0.1, call-bind-apply-helpers@npm:^1.0.2":
  version: 1.0.2
  resolution: "call-bind-apply-helpers@npm:1.0.2"
  dependencies:
    es-errors: "npm:^1.3.0"
    function-bind: "npm:^1.1.2"
  checksum: 10c0/47bd9901d57b857590431243fea704ff18078b16890a6b3e021e12d279bbf211d039155e27d7566b374d49ee1f8189344bac9833dec7a20cdec370506361c938
  languageName: node
  linkType: hard

"call-bound@npm:^1.0.2":
  version: 1.0.4
  resolution: "call-bound@npm:1.0.4"
  dependencies:
    call-bind-apply-helpers: "npm:^1.0.2"
    get-intrinsic: "npm:^1.3.0"
  checksum: 10c0/f4796a6a0941e71c766aea672f63b72bc61234c4f4964dc6d7606e3664c307e7d77845328a8f3359ce39ddb377fed67318f9ee203dea1d47e46165dcf2917644
  languageName: node
  linkType: hard

"chalk@npm:^4.0.0":
  version: 4.1.2
  resolution: "chalk@npm:4.1.2"
  dependencies:
    ansi-styles: "npm:^4.1.0"
    supports-color: "npm:^7.1.0"
  checksum: 10c0/4a3fef5cc34975c898ffe77141450f679721df9dde00f6c304353fa9c8b571929123b26a0e4617bde5018977eb655b31970c297b91b63ee83bb82aeb04666880
  languageName: node
  linkType: hard

"color-convert@npm:^2.0.1":
  version: 2.0.1
  resolution: "color-convert@npm:2.0.1"
  dependencies:
    color-name: "npm:~1.1.4"
  checksum: 10c0/37e1150172f2e311fe1b2df62c6293a342ee7380da7b9cfdba67ea539909afbd74da27033208d01d6d5cfc65ee7868a22e18d7e7648e004425441c0f8a15a7d7
  languageName: node
  linkType: hard

"color-name@npm:~1.1.4":
  version: 1.1.4
  resolution: "color-name@npm:1.1.4"
  checksum: 10c0/a1a3f914156960902f46f7f56bc62effc6c94e84b2cae157a526b1c1f74b677a47ec602bf68a61abfa2b42d15b7c5651c6dbe72a43af720bc588dff885b10f95
  languageName: node
  linkType: hard

"csstype@npm:^3.2.2":
  version: 3.2.3
  resolution: "csstype@npm:3.2.3"
  checksum: 10c0/cd29c51e70fa822f1cecd8641a1445bed7063697469d35633b516e60fe8c1bde04b08f6c5b6022136bb669b64c63d4173af54864510fbb4ee23281801841a3ce
  languageName: node
  linkType: hard

"diff-sequences@npm:^26.6.2":
  version: 26.6.2
  resolution: "diff-sequences@npm:26.6.2"
  checksum: 10c0/a576b78f542377ce2bb032aa91aaf12376c6f562f79b2570f5fe16b4c18acff78de144ae44f0d86bedfe9c29ef38aa027db963850213e07bbc1c1a3b2834e861
  languageName: node
  linkType: hard

"dunder-proto@npm:^1.0.1":
  version: 1.0.1
  resolution: "dunder-proto@npm:1.0.1"
  dependencies:
    call-bind-apply-helpers: "npm:^1.0.1"
    es-errors: "npm:^1.3.0"
    gopd: "npm:^1.2.0"
  checksum: 10c0/199f2a0c1c16593ca0a145dbf76a962f8033ce3129f01284d48c45ed4e14fea9bbacd7b3610b6cdc33486cef20385ac054948fefc6272fcce645c09468f93031
  languageName: node
  linkType: hard

"es-define-property@npm:^1.0.1":
  version: 1.0.1
  resolution: "es-define-property@npm:1.0.1"
  checksum: 10c0/3f54eb49c16c18707949ff25a1456728c883e81259f045003499efba399c08bad00deebf65cccde8c0e07908c1a225c9d472b7107e558f2a48e28d530e34527c
  languageName: node
  linkType: hard

"es-errors@npm:^1.3.0":
  version: 1.3.0
  resolution: "es-errors@npm:1.3.0"
  checksum: 10c0/0a61325670072f98d8ae3b914edab3559b6caa980f08054a3b872052640d91da01d38df55df797fcc916389d77fc92b8d5906cf028f4db46d7e3003abecbca85
  languageName: node
  linkType: hard

"es-object-atoms@npm:^1.0.0, es-object-atoms@npm:^1.1.1":
  version: 1.1.1
  resolution: "es-object-atoms@npm:1.1.1"
  dependencies:
    es-errors: "npm:^1.3.0"
  checksum: 10c0/65364812ca4daf48eb76e2a3b7a89b3f6a2e62a1c420766ce9f692665a29d94fe41fe88b65f24106f449859549711e4b40d9fb8002d862dfd7eb1c512d10be0c
  languageName: node
  linkType: hard

"function-bind@npm:^1.1.2":
  version: 1.1.2
  resolution: "function-bind@npm:1.1.2"
  checksum: 10c0/d8680ee1e5fcd4c197e4ac33b2b4dce03c71f4d91717292785703db200f5c21f977c568d28061226f9b5900cbcd2c84463646134fd5337e7925e0942bc3f46d5
  languageName: node
  linkType: hard

"generator-function@npm:^2.0.0":
  version: 2.0.1
  resolution: "generator-function@npm:2.0.1"
  checksum: 10c0/8a9f59df0f01cfefafdb3b451b80555e5cf6d76487095db91ac461a0e682e4ff7a9dbce15f4ecec191e53586d59eece01949e05a4b4492879600bbbe8e28d6b8
  languageName: node
  linkType: hard

"get-intrinsic@npm:^1.2.5, get-intrinsic@npm:^1.3.0":
  version: 1.3.1
  resolution: "get-intrinsic@npm:1.3.1"
  dependencies:
    async-function: "npm:^1.0.0"
    async-generator-function: "npm:^1.0.0"
    call-bind-apply-helpers: "npm:^1.0.2"
    es-define-property: "npm:^1.0.1"
    es-errors: "npm:^1.3.0"
    es-object-atoms: "npm:^1.1.1"
    function-bind: "npm:^1.1.2"
    generator-function: "npm:^2.0.0"
    get-proto: "npm:^1.0.1"
    gopd: "npm:^1.2.0"
    has-symbols: "npm:^1.1.0"
    hasown: "npm:^2.0.2"
    math-intrinsics: "npm:^1.1.0"
  checksum: 10c0/9f4ab0cf7efe0fd2c8185f52e6f637e708f3a112610c88869f8f041bb9ecc2ce44bf285dfdbdc6f4f7c277a5b88d8e94a432374d97cca22f3de7fc63795deb5d
  languageName: node
  linkType: hard

"get-proto@npm:^1.0.1":
  version: 1.0.1
  resolution: "get-proto@npm:1.0.1"
  dependencies:
    dunder-proto: "npm:^1.0.1"
    es-object-atoms: "npm:^1.0.0"
  checksum: 10c0/9224acb44603c5526955e83510b9da41baf6ae73f7398875fba50edc5e944223a89c4a72b070fcd78beb5f7bdda58ecb6294adc28f7acfc0da05f76a2399643c
  languageName: node
  linkType: hard

"gopd@npm:^1.2.0":
  version: 1.2.0
  resolution: "gopd@npm:1.2.0"
  checksum: 10c0/50fff1e04ba2b7737c097358534eacadad1e68d24cccee3272e04e007bed008e68d2614f3987788428fd192a5ae3889d08fb2331417e4fc4a9ab366b2043cead
  languageName: node
  linkType: hard

"has-flag@npm:^4.0.0":
  version: 4.0.0
  resolution: "has-flag@npm:4.0.0"
  checksum: 10c0/2e789c61b7888d66993e14e8331449e525ef42aac53c627cc53d1c3334e768bcb6abdc4f5f0de1478a25beec6f0bd62c7549058b7ac53e924040d4f301f02fd1
  languageName: node
  linkType: hard

"has-symbols@npm:^1.1.0":
  version: 1.1.0
  resolution: "has-symbols@npm:1.1.0"
  checksum: 10c0/dde0a734b17ae51e84b10986e651c664379018d10b91b6b0e9b293eddb32f0f069688c841fb40f19e9611546130153e0a2a48fd7f512891fb000ddfa36f5a20e
  languageName: node
  linkType: hard

"hasown@npm:^2.0.2":
  version: 2.0.2
  resolution: "hasown@npm:2.0.2"
  dependencies:
    function-bind: "npm:^1.1.2"
  checksum: 10c0/3769d434703b8ac66b209a4cca0737519925bbdb61dd887f93a16372b14694c63ff4e797686d87c90f08168e81082248b9b028bad60d4da9e0d1148766f56eb9
  languageName: node
  linkType: hard

"invariant@npm:2.2.4":
  version: 2.2.4
  resolution: "invariant@npm:2.2.4"
  dependencies:
    loose-envify: "npm:^1.0.0"
  checksum: 10c0/5af133a917c0bcf65e84e7f23e779e7abc1cd49cb7fdc62d00d1de74b0d8c1b5ee74ac7766099fb3be1b05b26dfc67bab76a17030d2fe7ea2eef867434362dfc
  languageName: node
  linkType: hard

"jest-diff@npm:^26.6.2":
  version: 26.6.2
  resolution: "jest-diff@npm:26.6.2"
  dependencies:
    chalk: "npm:^4.0.0"
    diff-sequences: "npm:^26.6.2"
    jest-get-type: "npm:^26.3.0"
    pretty-format: "npm:^26.6.2"
  checksum: 10c0/3a9c88c8f308487059788ab1199e12f9b4657168964a2307573760b4d41ab5b851e5bef70125ef5ceddc1e201d6753d6ceae88994c197990dd9307cb7d94b9a1
  languageName: node
  linkType: hard

"jest-get-type@npm:^26.3.0":
  version: 26.3.0
  resolution: "jest-get-type@npm:26.3.0"
  checksum: 10c0/112fc7f962d1c4625a51b6ccfe6e9c8e54ab80816bf8dbf2b1bf25d12c0f75c74ebad0c2f37622aea81019a2087451bfb12a46619ed6717e64ee875ea2de5520
  languageName: node
  linkType: hard

"jest-matcher-utils@npm:^26.0.1":
  version: 26.6.2
  resolution: "jest-matcher-utils@npm:26.6.2"
  dependencies:
    chalk: "npm:^4.0.0"
    jest-diff: "npm:^26.6.2"
    jest-get-type: "npm:^26.3.0"
    pretty-format: "npm:^26.6.2"
  checksum: 10c0/1303fc4dfd80848483b64bafc99beb31678653ad3f34b4c23e982a16016aec1f8a7de4a583044d9c43e59ee7e68e07c57f3a8b51e40fbefe42eafad45cc725ed
  languageName: node
  linkType: hard

"js-tokens@npm:^3.0.0 || ^4.0.0":
  version: 4.0.0
  resolution: "js-tokens@npm:4.0.0"
  checksum: 10c0/e248708d377aa058eacf2037b07ded847790e6de892bbad3dac0abba2e759cb9f121b00099a65195616badcb6eca8d14d975cb3e89eb1cfda644756402c8aeed
  languageName: node
  linkType: hard

"loose-envify@npm:^1.0.0, loose-envify@npm:^1.1.0":
  version: 1.4.0
  resolution: "loose-envify@npm:1.4.0"
  dependencies:
    js-tokens: "npm:^3.0.0 || ^4.0.0"
  bin:
    loose-envify: cli.js
  checksum: 10c0/655d110220983c1a4b9c0c679a2e8016d4b67f6e9c7b5435ff5979ecdb20d0813f4dec0a08674fcbdd4846a3f07edbb50a36811fd37930b94aaa0d9daceb017e
  languageName: node
  linkType: hard

"math-intrinsics@npm:^1.1.0":
  version: 1.1.0
  resolution: "math-intrinsics@npm:1.1.0"
  checksum: 10c0/7579ff94e899e2f76ab64491d76cf606274c874d8f2af4a442c016bd85688927fcfca157ba6bf74b08e9439dc010b248ce05b96cc7c126a354c3bae7fcb48b7f
  languageName: node
  linkType: hard

"object-assign@npm:^4.1.1":
  version: 4.1.1
  resolution: "object-assign@npm:4.1.1"
  checksum: 10c0/1f4df9945120325d041ccf7b86f31e8bcc14e73d29171e37a7903050e96b81323784ec59f93f102ec635bcf6fa8034ba3ea0a8c7e69fa202b87ae3b6cec5a414
  languageName: node
  linkType: hard

"object-inspect@npm:^1.13.3":
  version: 1.13.4
  resolution: "object-inspect@npm:1.13.4"
  checksum: 10c0/d7f8711e803b96ea3191c745d6f8056ce1f2496e530e6a19a0e92d89b0fa3c76d910c31f0aa270432db6bd3b2f85500a376a83aaba849a8d518c8845b3211692
  languageName: node
  linkType: hard

"pretty-format@npm:^26.6.2":
  version: 26.6.2
  resolution: "pretty-format@npm:26.6.2"
  dependencies:
    "@jest/types": "npm:^26.6.2"
    ansi-regex: "npm:^5.0.0"
    ansi-styles: "npm:^4.0.0"
    react-is: "npm:^17.0.1"
  checksum: 10c0/b5ddf0e949b874b699d313fe9407f0eb65e67d00823b2dd95335905a73457260af7612f3bff6b48611fcca9ffcff003359e4c9faba4200d6209da433a859aef3
  languageName: node
  linkType: hard

"qs@npm:^6.11.0":
  version: 6.14.2
  resolution: "qs@npm:6.14.2"
  dependencies:
    side-channel: "npm:^1.1.0"
  checksum: 10c0/646110124476fc9acf3c80994c8c3a0600cbad06a4ede1c9e93341006e8426d64e85e048baf8f0c4995f0f1bf0f37d1f3acc5ec1455850b81978792969a60ef6
  languageName: node
  linkType: hard

"react-is@npm:^17.0.1":
  version: 17.0.2
  resolution: "react-is@npm:17.0.2"
  checksum: 10c0/2bdb6b93fbb1820b024b496042cce405c57e2f85e777c9aabd55f9b26d145408f9f74f5934676ffdc46f3dcff656d78413a6e43968e7b3f92eea35b3052e9053
  languageName: node
  linkType: hard

"react-reconciler@npm:0.26.2":
  version: 0.26.2
  resolution: "react-reconciler@npm:0.26.2"
  dependencies:
    loose-envify: "npm:^1.1.0"
    object-assign: "npm:^4.1.1"
    scheduler: "npm:^0.20.2"
  peerDependencies:
    react: ^17.0.2
  checksum: 10c0/3ae2e09804d7c1295643b5b3f15bee26cef04e38e0ed1d47c3b3d3d712ca2c37fbc3461ea0d22041b1f3bbf3656c96b8ec3c1df46280f714dcf8e4fe66146bc6
  languageName: node
  linkType: hard

"react@npm:17.0.2":
  version: 17.0.2
  resolution: "react@npm:17.0.2"
  dependencies:
    loose-envify: "npm:^1.1.0"
    object-assign: "npm:^4.1.1"
  checksum: 10c0/07ae8959acf1596f0550685102fd6097d461a54a4fd46a50f88a0cd7daaa97fdd6415de1dcb4bfe0da6aa43221a6746ce380410fa848acc60f8ac41f6649c148
  languageName: node
  linkType: hard

"react@npm:^18.2.0":
  version: 18.3.1
  resolution: "react@npm:18.3.1"
  dependencies:
    loose-envify: "npm:^1.1.0"
  checksum: 10c0/283e8c5efcf37802c9d1ce767f302dd569dd97a70d9bb8c7be79a789b9902451e0d16334b05d73299b20f048cbc3c7d288bbbde10b701fa194e2089c237dbea3
  languageName: node
  linkType: hard

"scheduler@npm:^0.20.2":
  version: 0.20.2
  resolution: "scheduler@npm:0.20.2"
  dependencies:
    loose-envify: "npm:^1.1.0"
    object-assign: "npm:^4.1.1"
  checksum: 10c0/b0982e4b0f34f4ffa4f2f486161c0fd9ce9b88680b045dccbf250eb1aa4fd27413570645455187a83535e2370f5c667a251045547765408492bd883cbe95fcdb
  languageName: node
  linkType: hard

"side-channel-list@npm:^1.0.0":
  version: 1.0.0
  resolution: "side-channel-list@npm:1.0.0"
  dependencies:
    es-errors: "npm:^1.3.0"
    object-inspect: "npm:^1.13.3"
  checksum: 10c0/644f4ac893456c9490ff388bf78aea9d333d5e5bfc64cfb84be8f04bf31ddc111a8d4b83b85d7e7e8a7b845bc185a9ad02c052d20e086983cf59f0be517d9b3d
  languageName: node
  linkType: hard

"side-channel-map@npm:^1.0.1":
  version: 1.0.1
  resolution: "side-channel-map@npm:1.0.1"
  dependencies:
    call-bound: "npm:^1.0.2"
    es-errors: "npm:^1.3.0"
    get-intrinsic: "npm:^1.2.5"
    object-inspect: "npm:^1.13.3"
  checksum: 10c0/010584e6444dd8a20b85bc926d934424bd809e1a3af941cace229f7fdcb751aada0fb7164f60c2e22292b7fa3c0ff0bce237081fd4cdbc80de1dc68e95430672
  languageName: node
  linkType: hard

"side-channel-weakmap@npm:^1.0.2":
  version: 1.0.2
  resolution: "side-channel-weakmap@npm:1.0.2"
  dependencies:
    call-bound: "npm:^1.0.2"
    es-errors: "npm:^1.3.0"
    get-intrinsic: "npm:^1.2.5"
    object-inspect: "npm:^1.13.3"
    side-channel-map: "npm:^1.0.1"
  checksum: 10c0/71362709ac233e08807ccd980101c3e2d7efe849edc51455030327b059f6c4d292c237f94dc0685031dd11c07dd17a68afde235d6cf2102d949567f98ab58185
  languageName: node
  linkType: hard

"side-channel@npm:^1.1.0":
  version: 1.1.0
  resolution: "side-channel@npm:1.1.0"
  dependencies:
    es-errors: "npm:^1.3.0"
    object-inspect: "npm:^1.13.3"
    side-channel-list: "npm:^1.0.0"
    side-channel-map: "npm:^1.0.1"
    side-channel-weakmap: "npm:^1.0.2"
  checksum: 10c0/cb20dad41eb032e6c24c0982e1e5a24963a28aa6122b4f05b3f3d6bf8ae7fd5474ef382c8f54a6a3ab86e0cac4d41a23bd64ede3970e5bfb50326ba02a7996e6
  languageName: node
  linkType: hard

"stripe@npm:^14.0.0":
  version: 14.25.0
  resolution: "stripe@npm:14.25.0"
  dependencies:
    "@types/node": "npm:>=8.1.0"
    qs: "npm:^6.11.0"
  checksum: 10c0/3f98230d537bdcb9e31775576743e9f2e2137d45021b3a59afe5af17dc54397e8f27bab7abce6fbb81545f69dc73f4c1325c987d2e0c88c2149e135c783d14ff
  languageName: node
  linkType: hard

"stripeworker-ui@workspace:.":
  version: 0.0.0-use.local
  resolution: "stripeworker-ui@workspace:."
  dependencies:
    "@stripe/ui-extension-sdk": "npm:^8.10.0"
    "@types/react": "npm:^18.2.0"
    react: "npm:^18.2.0"
    stripe: "npm:^14.0.0"
    typescript: "npm:^5.0.0"
  languageName: unknown
  linkType: soft

"supports-color@npm:^7.1.0":
  version: 7.2.0
  resolution: "supports-color@npm:7.2.0"
  dependencies:
    has-flag: "npm:^4.0.0"
  checksum: 10c0/afb4c88521b8b136b5f5f95160c98dee7243dc79d5432db7efc27efb219385bbc7d9427398e43dd6cc730a0f87d5085ce1652af7efbe391327bc0a7d0f7fc124
  languageName: node
  linkType: hard

"typescript@npm:^5.0.0":
  version: 5.9.3
  resolution: "typescript@npm:5.9.3"
  bin:
    tsc: bin/tsc
    tsserver: bin/tsserver
  checksum: 10c0/6bd7552ce39f97e711db5aa048f6f9995b53f1c52f7d8667c1abdc1700c68a76a308f579cd309ce6b53646deb4e9a1be7c813a93baaf0a28ccd536a30270e1c5
  languageName: node
  linkType: hard

"typescript@patch:typescript@npm%3A^5.0.0#optional!builtin<compat/typescript>":
  version: 5.9.3
  resolution: "typescript@patch:typescript@npm%3A5.9.3#optional!builtin<compat/typescript>::version=5.9.3&hash=8c6c40"
  bin:
    tsc: bin/tsc
    tsserver: bin/tsserver
  checksum: 10c0/6f7e53bf0d9702350deeb6f35e08b69cbc8b958c33e0ec77bdc0ad6a6c8e280f3959dcbfde6f5b0848bece57810696489deaaa53d75de3578ff255d168c1efbd
  languageName: node
  linkType: hard

"undici-types@npm:~7.16.0":
  version: 7.16.0
  resolution: "undici-types@npm:7.16.0"
  checksum: 10c0/3033e2f2b5c9f1504bdc5934646cb54e37ecaca0f9249c983f7b1fc2e87c6d18399ebb05dc7fd5419e02b2e915f734d872a65da2e3eeed1813951c427d33cc9a
  languageName: node
  linkType: hard
